
Microsoft Visual Studio Solution File, Format Version 12.00
# Visual Studio Version 16
VisualStudioVersion = 16.0.34301.259
MinimumVisualStudioVersion = 10.0.40219.1
Project("{C9674DCB-5085-4A16-B785-4C70DD1589BD}") = "Eco Training", "Eco Training.dtproj", "{1F44A8B2-AFAA-4AEF-9686-ED35ADD7F60A}"
EndProject
Global
	GlobalSection(SolutionConfigurationPlatforms) = preSolution
		Development|Default = Development|Default
	EndGlobalSection
	GlobalSection(ProjectConfigurationPlatforms) = postSolution
		{1F44A8B2-AFAA-4AEF-9686-ED35ADD7F60A}.Development|Default.ActiveCfg = Development
		{1F44A8B2-AFAA-4AEF-9686-ED35ADD7F60A}.Development|Default.Build.0 = Development
	EndGlobalSection
	GlobalSection(SolutionProperties) = preSolution
		HideSolutionNode = FALSE
	EndGlobalSection
	GlobalSection(ExtensibilityGlobals) = postSolution
		SolutionGuid = {F5AC6043-573C-46DF-9D8F-A951DA30F420}
	EndGlobalSection
EndGlobal
